
Microsoft Visual Studio Solution File, Format Version 12.00
# Visual Studio 2013
VisualStudioVersion = 12.0.30501.0
MinimumVisualStudioVersion = 10.0.40219.1
Project("{FAE04EC0-301F-11D3-BF4B-00C04F79EFBC}") = "BaDemo", "BaDemo\BaDemo.csproj", "{6D33AD8C-35F5-40BD-A83F-65FC9B6C8997}"
EndProject
Project("{FAE04EC0-301F-11D3-BF4B-00C04F79EFBC}") = "BaDemo.Orders", "BaDemo.Orders\BaDemo.Orders.csproj", "{14FB8FDC-79C8-4266-A9E6-AB77799E6C90}"
EndProject
Project("{FAE04EC0-301F-11D3-BF4B-00C04F79EFBC}") = "BaDemo.Items", "BaDemo.Items\BaDemo.Items.csproj", "{654B4014-D5A0-4106-B5D3-C9C02BF2FEA6}"
EndProject
Project("{FAE04EC0-301F-11D3-BF4B-00C04F79EFBC}") = "BaDemo.Main", "BaDemo.Main\BaDemo.Main.csproj", "{321BD23C-0DD3-49FD-9777-4108A8196CB5}"
EndProject
Project("{FAE04EC0-301F-11D3-BF4B-00C04F79EFBC}") = "BaDemo.Common", "BaDemo.Common\BaDemo.Common.csproj", "{D3F455C4-4F5F-40ED-A745-859758351ED0}"
EndProject
Global
	GlobalSection(SolutionConfigurationPlatforms) = preSolution
		Debug|Any CPU = Debug|Any CPU
		Release|Any CPU = Release|Any CPU
	EndGlobalSection
	GlobalSection(ProjectConfigurationPlatforms) = postSolution
		{6D33AD8C-35F5-40BD-A83F-65FC9B6C8997}.Debug|Any CPU.ActiveCfg = Debug|Any CPU
		{6D33AD8C-35F5-40BD-A83F-65FC9B6C8997}.Debug|Any CPU.Build.0 = Debug|Any CPU
		{6D33AD8C-35F5-40BD-A83F-65FC9B6C8997}.Release|Any CPU.ActiveCfg = Release|Any CPU
		{6D33AD8C-35F5-40BD-A83F-65FC9B6C8997}.Release|Any CPU.Build.0 = Release|Any CPU
		{14FB8FDC-79C8-4266-A9E6-AB77799E6C90}.Debug|Any CPU.ActiveCfg = Debug|Any CPU
		{14FB8FDC-79C8-4266-A9E6-AB77799E6C90}.Debug|Any CPU.Build.0 = Debug|Any CPU
		{14FB8FDC-79C8-4266-A9E6-AB77799E6C90}.Release|Any CPU.ActiveCfg = Release|Any CPU
		{14FB8FDC-79C8-4266-A9E6-AB77799E6C90}.Release|Any CPU.Build.0 = Release|Any CPU
		{654B4014-D5A0-4106-B5D3-C9C02BF2FEA6}.Debug|Any CPU.ActiveCfg = Debug|Any CPU
		{654B4014-D5A0-4106-B5D3-C9C02BF2FEA6}.Debug|Any CPU.Build.0 = Debug|Any CPU
		{654B4014-D5A0-4106-B5D3-C9C02BF2FEA6}.Release|Any CPU.ActiveCfg = Release|Any CPU
		{654B4014-D5A0-4106-B5D3-C9C02BF2FEA6}.Release|Any CPU.Build.0 = Release|Any CPU
		{321BD23C-0DD3-49FD-9777-4108A8196CB5}.Debug|Any CPU.ActiveCfg = Debug|Any CPU
		{321BD23C-0DD3-49FD-9777-4108A8196CB5}.Debug|Any CPU.Build.0 = Debug|Any CPU
		{321BD23C-0DD3-49FD-9777-4108A8196CB5}.Release|Any CPU.ActiveCfg = Release|Any CPU
		{321BD23C-0DD3-49FD-9777-4108A8196CB5}.Release|Any CPU.Build.0 = Release|Any CPU
		{D3F455C4-4F5F-40ED-A745-859758351ED0}.Debug|Any CPU.ActiveCfg = Debug|Any CPU
		{D3F455C4-4F5F-40ED-A745-859758351ED0}.Debug|Any CPU.Build.0 = Debug|Any CPU
		{D3F455C4-4F5F-40ED-A745-859758351ED0}.Release|Any CPU.ActiveCfg = Release|Any CPU
		{D3F455C4-4F5F-40ED-A745-859758351ED0}.Release|Any CPU.Build.0 = Release|Any CPU
	EndGlobalSection
	GlobalSection(SolutionProperties) = preSolution
		HideSolutionNode = FALSE
	EndGlobalSection
	GlobalSection(ExtensibilityGlobals) = postSolution
		EnterpriseLibraryConfigurationToolBinariesPathV6 = packages\EnterpriseLibrary.Common.6.0.1304.0\lib\NET45;packages\EnterpriseLibrary.Logging.6.0.1304.0\lib\NET45
	EndGlobalSection
EndGlobal
